
Microsoft Visual Studio Solution File, Format Version 12.00
# Visual Studio Version 16
VisualStudioVersion = 16.0.30517.126
MinimumVisualStudioVersion = 10.0.40219.1
Project("{FAE04EC0-301F-11D3-BF4B-00C04F79EFBC}") = "HuaScreenshot", "HuaScreenshot\HuaScreenshot.csproj", "{FFACBEC9-0A52-48BD-8BB4-8AC4450409FE}"
EndProject
Project("{2150E333-8FDC-42A3-9474-1A3956D46DE8}") = "Solution Items", "Solution Items", "{AE356112-071B-463E-8A97-81FB2CF01E7B}"
	ProjectSection(SolutionItems) = preProject
		.gitattributes = .gitattributes
		.gitignore = .gitignore
		LICENSE = LICENSE
		README.md = README.md
	EndProjectSection
EndProject
Global
	GlobalSection(SolutionConfigurationPlatforms) = preSolution
		Debug|Any CPU = Debug|Any CPU
		Debug|x86 = Debug|x86
		Release|Any CPU = Release|Any CPU
		Release|x86 = Release|x86
	EndGlobalSection
	GlobalSection(ProjectConfigurationPlatforms) = postSolution
		{FFACBEC9-0A52-48BD-8BB4-8AC4450409FE}.Debug|Any CPU.ActiveCfg = Debug|Any CPU
		{FFACBEC9-0A52-48BD-8BB4-8AC4450409FE}.Debug|Any CPU.Build.0 = Debug|Any CPU
		{FFACBEC9-0A52-48BD-8BB4-8AC4450409FE}.Debug|x86.ActiveCfg = Debug|x86
		{FFACBEC9-0A52-48BD-8BB4-8AC4450409FE}.Debug|x86.Build.0 = Debug|x86
		{FFACBEC9-0A52-48BD-8BB4-8AC4450409FE}.Release|Any CPU.ActiveCfg = Release|Any CPU
		{FFACBEC9-0A52-48BD-8BB4-8AC4450409FE}.Release|Any CPU.Build.0 = Release|Any CPU
		{FFACBEC9-0A52-48BD-8BB4-8AC4450409FE}.Release|x86.ActiveCfg = Release|x86
		{FFACBEC9-0A52-48BD-8BB4-8AC4450409FE}.Release|x86.Build.0 = Release|x86
	EndGlobalSection
	GlobalSection(SolutionProperties) = preSolution
		HideSolutionNode = FALSE
	EndGlobalSection
	GlobalSection(ExtensibilityGlobals) = postSolution
		SolutionGuid = {06D724FF-7235-4153-B8F5-9C91765D70DB}
	EndGlobalSection
EndGlobal
